
Microsoft Visual Studio Solution File, Format Version 12.00
# Visual Studio 15
VisualStudioVersion = 15.0.27703.2000
MinimumVisualStudioVersion = 10.0.40219.1
Project("{9A19103F-16F7-4668-BE54-9A1E7A4F7556}") = "rabbitmq-seminar-cs", "rabbitmq-seminar-cs.csproj", "{F877E6FF-CA8C-4F52-94F7-3EE0E0808FAA}"
EndProject
Global
	GlobalSection(SolutionConfigurationPlatforms) = preSolution
		Debug|Any CPU = Debug|Any CPU
		Release|Any CPU = Release|Any CPU
	EndGlobalSection
	GlobalSection(ProjectConfigurationPlatforms) = postSolution
		{F877E6FF-CA8C-4F52-94F7-3EE0E0808FAA}.Debug|Any CPU.ActiveCfg = Debug|Any CPU
		{F877E6FF-CA8C-4F52-94F7-3EE0E0808FAA}.Debug|Any CPU.Build.0 = Debug|Any CPU
		{F877E6FF-CA8C-4F52-94F7-3EE0E0808FAA}.Release|Any CPU.ActiveCfg = Release|Any CPU
		{F877E6FF-CA8C-4F52-94F7-3EE0E0808FAA}.Release|Any CPU.Build.0 = Release|Any CPU
	EndGlobalSection
	GlobalSection(SolutionProperties) = preSolution
		HideSolutionNode = FALSE
	EndGlobalSection
	GlobalSection(ExtensibilityGlobals) = postSolution
		SolutionGuid = {9D087763-986B-4F1B-9274-E3DB9D50E235}
	EndGlobalSection
EndGlobal
